
Microsoft Visual Studio Solution File, Format Version 12.00
# Visual Studio Version 17
VisualStudioVersion = 17.1.31911.260
MinimumVisualStudioVersion = 10.0.40219.1
Project("{FAE04EC0-301F-11D3-BF4B-00C04F79EFBC}") = "TrapWire.Web", "TrapWire.Web\TrapWire.Web.csproj", "{A5A9163E-E012-4BCB-B5FC-936AEC43761D}"
EndProject
Project("{FAE04EC0-301F-11D3-BF4B-00C04F79EFBC}") = "TrapWire.TextAnalysis", "TrapWire.TextAnalysis\TrapWire.TextAnalysis.csproj", "{CEA2AFB5-4C61-4C92-B8AF-68EB32CD3A4F}"
EndProject
Project("{FAE04EC0-301F-11D3-BF4B-00C04F79EFBC}") = "TrapWire.TextAnalysis.Tests", "TrapWire.TextAnalysis.Tests\TrapWire.TextAnalysis.Tests.csproj", "{E68DE2BD-416D-4191-8BC3-4ACF1FCCFAC7}"
EndProject
Global
	GlobalSection(SolutionConfigurationPlatforms) = preSolution
		Debug|Any CPU = Debug|Any CPU
		Release|Any CPU = Release|Any CPU
	EndGlobalSection
	GlobalSection(ProjectConfigurationPlatforms) = postSolution
		{A5A9163E-E012-4BCB-B5FC-936AEC43761D}.Debug|Any CPU.ActiveCfg = Debug|Any CPU
		{A5A9163E-E012-4BCB-B5FC-936AEC43761D}.Debug|Any CPU.Build.0 = Debug|Any CPU
		{A5A9163E-E012-4BCB-B5FC-936AEC43761D}.Release|Any CPU.ActiveCfg = Release|Any CPU
		{A5A9163E-E012-4BCB-B5FC-936AEC43761D}.Release|Any CPU.Build.0 = Release|Any CPU
		{CEA2AFB5-4C61-4C92-B8AF-68EB32CD3A4F}.Debug|Any CPU.ActiveCfg = Debug|Any CPU
		{CEA2AFB5-4C61-4C92-B8AF-68EB32CD3A4F}.Debug|Any CPU.Build.0 = Debug|Any CPU
		{CEA2AFB5-4C61-4C92-B8AF-68EB32CD3A4F}.Release|Any CPU.ActiveCfg = Release|Any CPU
		{CEA2AFB5-4C61-4C92-B8AF-68EB32CD3A4F}.Release|Any CPU.Build.0 = Release|Any CPU
		{E68DE2BD-416D-4191-8BC3-4ACF1FCCFAC7}.Debug|Any CPU.ActiveCfg = Debug|Any CPU
		{E68DE2BD-416D-4191-8BC3-4ACF1FCCFAC7}.Debug|Any CPU.Build.0 = Debug|Any CPU
		{E68DE2BD-416D-4191-8BC3-4ACF1FCCFAC7}.Release|Any CPU.ActiveCfg = Release|Any CPU
		{E68DE2BD-416D-4191-8BC3-4ACF1FCCFAC7}.Release|Any CPU.Build.0 = Release|Any CPU
	EndGlobalSection
	GlobalSection(SolutionProperties) = preSolution
		HideSolutionNode = FALSE
	EndGlobalSection
	GlobalSection(ExtensibilityGlobals) = postSolution
		SolutionGuid = {5AEEA77C-398D-4666-9C98-27DDF80AC787}
	EndGlobalSection
EndGlobal
